
Microsoft Visual Studio Solution File, Format Version 12.00
# Visual Studio 15
VisualStudioVersion = 15.0.26730.16
MinimumVisualStudioVersion = 10.0.40219.1
Project("{2150E333-8FDC-42A3-9474-1A3956D46DE8}") = "Infrastructure", "Infrastructure", "{D5F97F6F-979D-4107-92C6-83FC0ACC1EFA}"
EndProject
Project("{2150E333-8FDC-42A3-9474-1A3956D46DE8}") = "Extensions", "Extensions", "{E4C09DC7-F087-41F1-8E77-9F556C61D8DF}"
EndProject
Project("{2150E333-8FDC-42A3-9474-1A3956D46DE8}") = "Test", "Test", "{732D2374-9823-4506-A061-3AADC6CCD8CA}"
EndProject
Project("{9A19103F-16F7-4668-BE54-9A1E7A4F7556}") = "Identity.API.Test", "Test\Identity.API.Test\Identity.API.Test.csproj", "{3E770AEC-1DDB-4FBF-8764-3A6D6FDD51A9}"
EndProject
Project("{2150E333-8FDC-42A3-9474-1A3956D46DE8}") = "AppService", "AppService", "{11932C9B-DB79-459A-81BD-6AE9A91409DB}"
EndProject
Project("{9A19103F-16F7-4668-BE54-9A1E7A4F7556}") = "Honor", "AppService\Honor\Honor\Honor.csproj", "{99C1CCCD-13CE-4919-B881-43860BE87C3B}"
EndProject
Project("{9A19103F-16F7-4668-BE54-9A1E7A4F7556}") = "Identity.API", "AppService\Identity.API\Identity.API.csproj", "{10E8DA95-96FC-4EAA-91CD-748494A831B4}"
EndProject
Project("{9A19103F-16F7-4668-BE54-9A1E7A4F7556}") = "PenAPI", "AppService\Pen\PenAPI\PenAPI.csproj", "{47C6ABE5-C3A7-4DD1-A609-085295653CC8}"
EndProject
Project("{9A19103F-16F7-4668-BE54-9A1E7A4F7556}") = "SwaggerExtension", "Infrastructure\Extensions\SwaggerExtension\SwaggerExtension.csproj", "{1982D034-3814-4069-8C07-4D207459FF44}"
EndProject
Project("{FAE04EC0-301F-11D3-BF4B-00C04F79EFBC}") = "SendSMS", "AppService\SendSMS\SendSMS.csproj", "{3C96BA52-E1D9-4050-9EAD-19C0FCB8C892}"
EndProject
Global
	GlobalSection(SolutionConfigurationPlatforms) = preSolution
		Debug|Any CPU = Debug|Any CPU
		Release|Any CPU = Release|Any CPU
	EndGlobalSection
	GlobalSection(ProjectConfigurationPlatforms) = postSolution
		{3E770AEC-1DDB-4FBF-8764-3A6D6FDD51A9}.Debug|Any CPU.ActiveCfg = Debug|Any CPU
		{3E770AEC-1DDB-4FBF-8764-3A6D6FDD51A9}.Debug|Any CPU.Build.0 = Debug|Any CPU
		{3E770AEC-1DDB-4FBF-8764-3A6D6FDD51A9}.Release|Any CPU.ActiveCfg = Release|Any CPU
		{3E770AEC-1DDB-4FBF-8764-3A6D6FDD51A9}.Release|Any CPU.Build.0 = Release|Any CPU
		{99C1CCCD-13CE-4919-B881-43860BE87C3B}.Debug|Any CPU.ActiveCfg = Debug|Any CPU
		{99C1CCCD-13CE-4919-B881-43860BE87C3B}.Debug|Any CPU.Build.0 = Debug|Any CPU
		{99C1CCCD-13CE-4919-B881-43860BE87C3B}.Release|Any CPU.ActiveCfg = Release|Any CPU
		{99C1CCCD-13CE-4919-B881-43860BE87C3B}.Release|Any CPU.Build.0 = Release|Any CPU
		{10E8DA95-96FC-4EAA-91CD-748494A831B4}.Debug|Any CPU.ActiveCfg = Debug|Any CPU
		{10E8DA95-96FC-4EAA-91CD-748494A831B4}.Debug|Any CPU.Build.0 = Debug|Any CPU
		{10E8DA95-96FC-4EAA-91CD-748494A831B4}.Release|Any CPU.ActiveCfg = Release|Any CPU
		{10E8DA95-96FC-4EAA-91CD-748494A831B4}.Release|Any CPU.Build.0 = Release|Any CPU
		{47C6ABE5-C3A7-4DD1-A609-085295653CC8}.Debug|Any CPU.ActiveCfg = Debug|Any CPU
		{47C6ABE5-C3A7-4DD1-A609-085295653CC8}.Debug|Any CPU.Build.0 = Debug|Any CPU
		{47C6ABE5-C3A7-4DD1-A609-085295653CC8}.Release|Any CPU.ActiveCfg = Release|Any CPU
		{47C6ABE5-C3A7-4DD1-A609-085295653CC8}.Release|Any CPU.Build.0 = Release|Any CPU
		{1982D034-3814-4069-8C07-4D207459FF44}.Debug|Any CPU.ActiveCfg = Debug|Any CPU
		{1982D034-3814-4069-8C07-4D207459FF44}.Debug|Any CPU.Build.0 = Debug|Any CPU
		{1982D034-3814-4069-8C07-4D207459FF44}.Release|Any CPU.ActiveCfg = Release|Any CPU
		{1982D034-3814-4069-8C07-4D207459FF44}.Release|Any CPU.Build.0 = Release|Any CPU
		{3C96BA52-E1D9-4050-9EAD-19C0FCB8C892}.Debug|Any CPU.ActiveCfg = Debug|Any CPU
		{3C96BA52-E1D9-4050-9EAD-19C0FCB8C892}.Debug|Any CPU.Build.0 = Debug|Any CPU
		{3C96BA52-E1D9-4050-9EAD-19C0FCB8C892}.Release|Any CPU.ActiveCfg = Release|Any CPU
		{3C96BA52-E1D9-4050-9EAD-19C0FCB8C892}.Release|Any CPU.Build.0 = Release|Any CPU
	EndGlobalSection
	GlobalSection(SolutionProperties) = preSolution
		HideSolutionNode = FALSE
	EndGlobalSection
	GlobalSection(NestedProjects) = preSolution
		{E4C09DC7-F087-41F1-8E77-9F556C61D8DF} = {D5F97F6F-979D-4107-92C6-83FC0ACC1EFA}
		{3E770AEC-1DDB-4FBF-8764-3A6D6FDD51A9} = {732D2374-9823-4506-A061-3AADC6CCD8CA}
		{99C1CCCD-13CE-4919-B881-43860BE87C3B} = {11932C9B-DB79-459A-81BD-6AE9A91409DB}
		{10E8DA95-96FC-4EAA-91CD-748494A831B4} = {11932C9B-DB79-459A-81BD-6AE9A91409DB}
		{47C6ABE5-C3A7-4DD1-A609-085295653CC8} = {11932C9B-DB79-459A-81BD-6AE9A91409DB}
		{1982D034-3814-4069-8C07-4D207459FF44} = {E4C09DC7-F087-41F1-8E77-9F556C61D8DF}
		{3C96BA52-E1D9-4050-9EAD-19C0FCB8C892} = {11932C9B-DB79-459A-81BD-6AE9A91409DB}
	EndGlobalSection
	GlobalSection(ExtensibilityGlobals) = postSolution
		SolutionGuid = {8149C2B1-3D22-4D10-962D-58221876BF43}
	EndGlobalSection
EndGlobal
