
Microsoft Visual Studio Solution File, Format Version 12.00
# Visual Studio 15
VisualStudioVersion = 15.0.26730.15
MinimumVisualStudioVersion = 10.0.40219.1
Project("{9A19103F-16F7-4668-BE54-9A1E7A4F7556}") = "ODataExtension", "ODataExtension.csproj", "{6264A2DD-737D-453F-957D-4FC5651AB599}"
EndProject
Project("{2150E333-8FDC-42A3-9474-1A3956D46DE8}") = "Common", "Common", "{C7C51362-00DB-485A-BB56-5B676332B90A}"
EndProject
Project("{9A19103F-16F7-4668-BE54-9A1E7A4F7556}") = "Microsoft.AspNetCore.OData", "..\..\Common\Microsoft.AspNetCore.OData\Microsoft.AspNetCore.OData.csproj", "{68F07B5F-D7ED-4764-8A95-F53E70802B65}"
EndProject
Global
	GlobalSection(SolutionConfigurationPlatforms) = preSolution
		Debug|Any CPU = Debug|Any CPU
		Release|Any CPU = Release|Any CPU
	EndGlobalSection
	GlobalSection(ProjectConfigurationPlatforms) = postSolution
		{6264A2DD-737D-453F-957D-4FC5651AB599}.Debug|Any CPU.ActiveCfg = Debug|Any CPU
		{6264A2DD-737D-453F-957D-4FC5651AB599}.Debug|Any CPU.Build.0 = Debug|Any CPU
		{6264A2DD-737D-453F-957D-4FC5651AB599}.Release|Any CPU.ActiveCfg = Release|Any CPU
		{6264A2DD-737D-453F-957D-4FC5651AB599}.Release|Any CPU.Build.0 = Release|Any CPU
		{68F07B5F-D7ED-4764-8A95-F53E70802B65}.Debug|Any CPU.ActiveCfg = Debug|Any CPU
		{68F07B5F-D7ED-4764-8A95-F53E70802B65}.Debug|Any CPU.Build.0 = Debug|Any CPU
		{68F07B5F-D7ED-4764-8A95-F53E70802B65}.Release|Any CPU.ActiveCfg = Release|Any CPU
		{68F07B5F-D7ED-4764-8A95-F53E70802B65}.Release|Any CPU.Build.0 = Release|Any CPU
	EndGlobalSection
	GlobalSection(SolutionProperties) = preSolution
		HideSolutionNode = FALSE
	EndGlobalSection
	GlobalSection(NestedProjects) = preSolution
		{68F07B5F-D7ED-4764-8A95-F53E70802B65} = {C7C51362-00DB-485A-BB56-5B676332B90A}
	EndGlobalSection
	GlobalSection(ExtensibilityGlobals) = postSolution
		SolutionGuid = {E05A4574-E3B9-4AE7-86BA-439B37D1304B}
	EndGlobalSection
EndGlobal
