
Microsoft Visual Studio Solution File, Format Version 12.00
# Visual Studio 15
VisualStudioVersion = 15.0.26730.15
MinimumVisualStudioVersion = 10.0.40219.1
Project("{9A19103F-16F7-4668-BE54-9A1E7A4F7556}") = "Honor", "..\Honor\Honor\Honor.csproj", "{5407B6DE-EA91-47B6-A953-954CE17FD867}"
EndProject
Project("{9A19103F-16F7-4668-BE54-9A1E7A4F7556}") = "PenAPI", "..\Pen\PenAPI\PenAPI.csproj", "{5985218B-07F2-40CE-8373-CB9842B6DDB7}"
EndProject
Project("{2150E333-8FDC-42A3-9474-1A3956D46DE8}") = "Infrastructure", "Infrastructure", "{D5F97F6F-979D-4107-92C6-83FC0ACC1EFA}"
EndProject
Project("{2150E333-8FDC-42A3-9474-1A3956D46DE8}") = "Extensions", "Extensions", "{E4C09DC7-F087-41F1-8E77-9F556C61D8DF}"
EndProject
Project("{FAE04EC0-301F-11D3-BF4B-00C04F79EFBC}") = "SwaggerExtension", "SwaggerExtension\SwaggerExtension.csproj", "{D0FEDF6D-03C6-40F8-9554-389CA5824D4A}"
EndProject
Global
	GlobalSection(SolutionConfigurationPlatforms) = preSolution
		Debug|Any CPU = Debug|Any CPU
		Release|Any CPU = Release|Any CPU
	EndGlobalSection
	GlobalSection(ProjectConfigurationPlatforms) = postSolution
		{5407B6DE-EA91-47B6-A953-954CE17FD867}.Debug|Any CPU.ActiveCfg = Debug|Any CPU
		{5407B6DE-EA91-47B6-A953-954CE17FD867}.Debug|Any CPU.Build.0 = Debug|Any CPU
		{5407B6DE-EA91-47B6-A953-954CE17FD867}.Release|Any CPU.ActiveCfg = Release|Any CPU
		{5407B6DE-EA91-47B6-A953-954CE17FD867}.Release|Any CPU.Build.0 = Release|Any CPU
		{5985218B-07F2-40CE-8373-CB9842B6DDB7}.Debug|Any CPU.ActiveCfg = Debug|Any CPU
		{5985218B-07F2-40CE-8373-CB9842B6DDB7}.Debug|Any CPU.Build.0 = Debug|Any CPU
		{5985218B-07F2-40CE-8373-CB9842B6DDB7}.Release|Any CPU.ActiveCfg = Release|Any CPU
		{5985218B-07F2-40CE-8373-CB9842B6DDB7}.Release|Any CPU.Build.0 = Release|Any CPU
		{D0FEDF6D-03C6-40F8-9554-389CA5824D4A}.Debug|Any CPU.ActiveCfg = Debug|Any CPU
		{D0FEDF6D-03C6-40F8-9554-389CA5824D4A}.Debug|Any CPU.Build.0 = Debug|Any CPU
		{D0FEDF6D-03C6-40F8-9554-389CA5824D4A}.Release|Any CPU.ActiveCfg = Release|Any CPU
		{D0FEDF6D-03C6-40F8-9554-389CA5824D4A}.Release|Any CPU.Build.0 = Release|Any CPU
	EndGlobalSection
	GlobalSection(SolutionProperties) = preSolution
		HideSolutionNode = FALSE
	EndGlobalSection
	GlobalSection(NestedProjects) = preSolution
		{E4C09DC7-F087-41F1-8E77-9F556C61D8DF} = {D5F97F6F-979D-4107-92C6-83FC0ACC1EFA}
		{D0FEDF6D-03C6-40F8-9554-389CA5824D4A} = {E4C09DC7-F087-41F1-8E77-9F556C61D8DF}
	EndGlobalSection
	GlobalSection(ExtensibilityGlobals) = postSolution
		SolutionGuid = {8149C2B1-3D22-4D10-962D-58221876BF43}
	EndGlobalSection
EndGlobal
