
Microsoft Visual Studio Solution File, Format Version 12.00
# Visual Studio 15
VisualStudioVersion = 15.0.26730.15
MinimumVisualStudioVersion = 10.0.40219.1
Project("{9A19103F-16F7-4668-BE54-9A1E7A4F7556}") = "SwaggerExtension", "SwaggerExtension.csproj", "{15F4DBA2-5A39-41F0-A4EE-16DB03DA106D}"
EndProject
Project("{2150E333-8FDC-42A3-9474-1A3956D46DE8}") = "Extension", "Extension", "{A7C4F5BB-A8BD-456B-938B-41EFAC4F7D6B}"
EndProject
Project("{9A19103F-16F7-4668-BE54-9A1E7A4F7556}") = "ODataExtension", "..\ODataExtension\ODataExtension.csproj", "{50EBF447-0A0D-4385-8AF2-AD92A12289AE}"
EndProject
Project("{2150E333-8FDC-42A3-9474-1A3956D46DE8}") = "Common", "Common", "{4C6FB8F1-534B-4748-A0A5-D0D3BCAC04C7}"
EndProject
Project("{9A19103F-16F7-4668-BE54-9A1E7A4F7556}") = "Microsoft.AspNetCore.OData", "..\..\Common\Microsoft.AspNetCore.OData\Microsoft.AspNetCore.OData.csproj", "{418A3350-767F-4A72-B61D-D714CFE63A38}"
EndProject
Global
	GlobalSection(SolutionConfigurationPlatforms) = preSolution
		Debug|Any CPU = Debug|Any CPU
		Release|Any CPU = Release|Any CPU
	EndGlobalSection
	GlobalSection(ProjectConfigurationPlatforms) = postSolution
		{15F4DBA2-5A39-41F0-A4EE-16DB03DA106D}.Debug|Any CPU.ActiveCfg = Debug|Any CPU
		{15F4DBA2-5A39-41F0-A4EE-16DB03DA106D}.Debug|Any CPU.Build.0 = Debug|Any CPU
		{15F4DBA2-5A39-41F0-A4EE-16DB03DA106D}.Release|Any CPU.ActiveCfg = Release|Any CPU
		{15F4DBA2-5A39-41F0-A4EE-16DB03DA106D}.Release|Any CPU.Build.0 = Release|Any CPU
		{50EBF447-0A0D-4385-8AF2-AD92A12289AE}.Debug|Any CPU.ActiveCfg = Debug|Any CPU
		{50EBF447-0A0D-4385-8AF2-AD92A12289AE}.Debug|Any CPU.Build.0 = Debug|Any CPU
		{50EBF447-0A0D-4385-8AF2-AD92A12289AE}.Release|Any CPU.ActiveCfg = Release|Any CPU
		{50EBF447-0A0D-4385-8AF2-AD92A12289AE}.Release|Any CPU.Build.0 = Release|Any CPU
		{418A3350-767F-4A72-B61D-D714CFE63A38}.Debug|Any CPU.ActiveCfg = Debug|Any CPU
		{418A3350-767F-4A72-B61D-D714CFE63A38}.Debug|Any CPU.Build.0 = Debug|Any CPU
		{418A3350-767F-4A72-B61D-D714CFE63A38}.Release|Any CPU.ActiveCfg = Release|Any CPU
		{418A3350-767F-4A72-B61D-D714CFE63A38}.Release|Any CPU.Build.0 = Release|Any CPU
	EndGlobalSection
	GlobalSection(SolutionProperties) = preSolution
		HideSolutionNode = FALSE
	EndGlobalSection
	GlobalSection(NestedProjects) = preSolution
		{50EBF447-0A0D-4385-8AF2-AD92A12289AE} = {A7C4F5BB-A8BD-456B-938B-41EFAC4F7D6B}
		{418A3350-767F-4A72-B61D-D714CFE63A38} = {4C6FB8F1-534B-4748-A0A5-D0D3BCAC04C7}
	EndGlobalSection
	GlobalSection(ExtensibilityGlobals) = postSolution
		SolutionGuid = {F84C87B9-B302-4FE2-A881-AF827B63FCEA}
	EndGlobalSection
EndGlobal
